{
  "name": "jousapp",
  "version": "0.1.0",
  "lockfileVersion": 3,
  "requires": true,
  "packages": {
    "": {
      "name": "jousapp",
      "version": "0.1.0",
      "hasInstallScript": true,
      "dependencies": {
        "@openreplay/tracker": "^16.2.1"
      }
    },
    "node_modules/@medv/finder": {
      "version": "4.0.2",
      "resolved": "https://registry.npmjs.org/@medv/finder/-/finder-4.0.2.tgz",
      "integrity": "sha512-RraNY9SCcx4KZV0Dh6BEW6XEW2swkqYca74pkFFRw6hHItSHiy+O/xMnpbofjYbzXj0tSpBGthUF1hHTsr3vIQ==",
      "license": "MIT"
    },
    "node_modules/@openreplay/network-proxy": {
      "version": "1.1.3",
      "resolved": "https://registry.npmjs.org/@openreplay/network-proxy/-/network-proxy-1.1.3.tgz",
      "integrity": "sha512-0w25xSK8Cr3y9trQKCEa7PQb2cf8m0nFbkqoxAKoyYCZTdE/e0pQ1ufcJaxzW/nYn4PVMDMmPnXcMOurCNnhvg==",
      "license": "MIT"
    },
    "node_modules/@openreplay/tracker": {
      "version": "16.2.1",
      "resolved": "https://registry.npmjs.org/@openreplay/tracker/-/tracker-16.2.1.tgz",
      "integrity": "sha512-jm910dAYvCaxB77pyZWEVT9k7YaGdxELmSgZLNED1YTI4ff2X33VqQfpL8ZvxK53S8Kxh/IdCo/TgkUhkVz90w==",
      "license": "MIT",
      "dependencies": {
        "@medv/finder": "^4.0.2",
        "@openreplay/network-proxy": "^1.1.3",
        "error-stack-parser": "^2.1.4",
        "error-stack-parser-es": "^0.1.5",
        "fflate": "^0.8.2",
        "web-vitals": "^4.2.4"
      },
      "engines": {
        "node": ">=14.0"
      }
    },
    "node_modules/@openreplay/tracker/node_modules/fflate": {
      "version": "0.8.2",
      "resolved": "https://registry.npmjs.org/fflate/-/fflate-0.8.2.tgz",
      "integrity": "sha512-cPJU47OaAoCbg0pBvzsgpTPhmhqI5eJjh/JIu8tPj5q+T7iLvW/JAYUqmE7KOB4R1ZyEhzBaIQpQpardBF5z8A==",
      "license": "MIT"
    },
    "node_modules/error-stack-parser": {
      "version": "2.1.4",
      "resolved": "https://registry.npmjs.org/error-stack-parser/-/error-stack-parser-2.1.4.tgz",
      "integrity": "sha512-Sk5V6wVazPhq5MhpO+AUxJn5x7XSXGl1R93Vn7i+zS15KDVxQijejNCrz8340/2bgLBjR9GtEG8ZVKONDjcqGQ==",
      "license": "MIT",
      "dependencies": {
        "stackframe": "^1.3.4"
      }
    },
    "node_modules/error-stack-parser-es": {
      "version": "0.1.5",
      "resolved": "https://registry.npmjs.org/error-stack-parser-es/-/error-stack-parser-es-0.1.5.tgz",
      "integrity": "sha512-xHku1X40RO+fO8yJ8Wh2f2rZWVjqyhb1zgq1yZ8aZRQkv6OOKhKWRUaht3eSCUbAOBaKIgM+ykwFLE+QUxgGeg==",
      "license": "MIT",
      "funding": {
        "url": "https://github.com/sponsors/antfu"
      }
    },
    "node_modules/stackframe": {
      "version": "1.3.4",
      "resolved": "https://registry.npmjs.org/stackframe/-/stackframe-1.3.4.tgz",
      "integrity": "sha512-oeVtt7eWQS+Na6F//S4kJ2K2VbRlS9D43mAlMyVpVWovy9o+jfgH8O9agzANzaiLjclA0oYzUXEM4PurhSUChw==",
      "license": "MIT"
    },
    "node_modules/web-vitals": {
      "version": "4.2.4",
      "resolved": "https://registry.npmjs.org/web-vitals/-/web-vitals-4.2.4.tgz",
      "integrity": "sha512-r4DIlprAGwJ7YM11VZp4R884m0Vmgr6EAKe3P+kO0PPj3Unqyvv59rczf6UiGcb9Z8QxZVcqKNwv/g0WNdWwsw==",
      "license": "Apache-2.0"
    }
  }
}
