{
  "name": "jousapp",
  "version": "0.1.0",
  "lockfileVersion": 3,
  "requires": true,
  "packages": {
    "": {
      "name": "jousapp",
      "version": "0.1.0",
      "hasInstallScript": true,
      "dependencies": {
        "posthog-js": "^1.246.0"
      }
    },
    "node_modules/core-js": {
      "version": "3.42.0",
      "resolved": "https://registry.npmjs.org/core-js/-/core-js-3.42.0.tgz",
      "integrity": "sha512-Sz4PP4ZA+Rq4II21qkNqOEDTDrCvcANId3xpIgB34NDkWc3UduWj2dqEtN9yZIq8Dk3HyPI33x9sqqU5C8sr0g==",
      "hasInstallScript": true,
      "license": "MIT",
      "funding": {
        "type": "opencollective",
        "url": "https://opencollective.com/core-js"
      }
    },
    "node_modules/fflate": {
      "version": "0.4.8",
      "resolved": "https://registry.npmjs.org/fflate/-/fflate-0.4.8.tgz",
      "integrity": "sha512-FJqqoDBR00Mdj9ppamLa/Y7vxm+PRmNWA67N846RvsoYVMKB4q3y/de5PA7gUmRMYK/8CMz2GDZQmCRN1wBcWA==",
      "license": "MIT"
    },
    "node_modules/posthog-js": {
      "version": "1.246.0",
      "resolved": "https://registry.npmjs.org/posthog-js/-/posthog-js-1.246.0.tgz",
      "integrity": "sha512-5lN/UMqDfxsLeSnT3LsY4P+eD1H+P9qxgN/iUk473LmhCM7IV8TAfdjJj23nnXk/euGNQtvyINYoD2DG+d4eEw==",
      "license": "SEE LICENSE IN LICENSE",
      "dependencies": {
        "core-js": "^3.38.1",
        "fflate": "^0.4.8",
        "preact": "^10.19.3",
        "web-vitals": "^4.2.4"
      },
      "peerDependencies": {
        "@rrweb/types": "2.0.0-alpha.17",
        "rrweb-snapshot": "2.0.0-alpha.17"
      },
      "peerDependenciesMeta": {
        "@rrweb/types": {
          "optional": true
        },
        "rrweb-snapshot": {
          "optional": true
        }
      }
    },
    "node_modules/preact": {
      "version": "10.26.6",
      "resolved": "https://registry.npmjs.org/preact/-/preact-10.26.6.tgz",
      "integrity": "sha512-5SRRBinwpwkaD+OqlBDeITlRgvd8I8QlxHJw9AxSdMNV6O+LodN9nUyYGpSF7sadHjs6RzeFShMexC6DbtWr9g==",
      "license": "MIT",
      "funding": {
        "type": "opencollective",
        "url": "https://opencollective.com/preact"
      }
    },
    "node_modules/web-vitals": {
      "version": "4.2.4",
      "resolved": "https://registry.npmjs.org/web-vitals/-/web-vitals-4.2.4.tgz",
      "integrity": "sha512-r4DIlprAGwJ7YM11VZp4R884m0Vmgr6EAKe3P+kO0PPj3Unqyvv59rczf6UiGcb9Z8QxZVcqKNwv/g0WNdWwsw==",
      "license": "Apache-2.0"
    }
  }
}
